
Microsoft Visual Studio Solution File, Format Version 12.00
# Visual Studio 15
VisualStudioVersion = 15.0.28307.1622
MinimumVisualStudioVersion = 10.0.40219.1
Project("{E24C65DC-7377-472B-9ABA-BC803B73C61A}") = "TEST_REPORT", "TEST_REPORT\", "{F76AEB5A-E15D-4EEF-BF2D-4920C468EB51}"
	ProjectSection(WebsiteProperties) = preProject
		TargetFrameworkMoniker = ".NETFramework,Version%3Dv4.6.1"
		Debug.AspNetCompiler.VirtualPath = "/localhost_58963"
		Debug.AspNetCompiler.PhysicalPath = "TEST_REPORT\"
		Debug.AspNetCompiler.TargetPath = "PrecompiledWeb\localhost_58963\"
		Debug.AspNetCompiler.Updateable = "true"
		Debug.AspNetCompiler.ForceOverwrite = "true"
		Debug.AspNetCompiler.FixedNames = "false"
		Debug.AspNetCompiler.Debug = "True"
		Release.AspNetCompiler.VirtualPath = "/localhost_58963"
		Release.AspNetCompiler.PhysicalPath = "TEST_REPORT\"
		Release.AspNetCompiler.TargetPath = "PrecompiledWeb\localhost_58963\"
		Release.AspNetCompiler.Updateable = "true"
		Release.AspNetCompiler.ForceOverwrite = "true"
		Release.AspNetCompiler.FixedNames = "false"
		Release.AspNetCompiler.Debug = "False"
		VWDPort = "58963"
		SlnRelativePath = "TEST_REPORT\"
		DefaultWebSiteLanguage = "Visual C#"
	EndProjectSection
EndProject
Global
	GlobalSection(SolutionConfigurationPlatforms) = preSolution
		Debug|Any CPU = Debug|Any CPU
	EndGlobalSection
	GlobalSection(ProjectConfigurationPlatforms) = postSolution
		{F76AEB5A-E15D-4EEF-BF2D-4920C468EB51}.Debug|Any CPU.ActiveCfg = Debug|Any CPU
		{F76AEB5A-E15D-4EEF-BF2D-4920C468EB51}.Debug|Any CPU.Build.0 = Debug|Any CPU
	EndGlobalSection
	GlobalSection(SolutionProperties) = preSolution
		HideSolutionNode = FALSE
	EndGlobalSection
	GlobalSection(ExtensibilityGlobals) = postSolution
		SolutionGuid = {77EF383F-DC6E-4B7B-A75B-5A8C25DD9D84}
	EndGlobalSection
EndGlobal
